
Microsoft Visual Studio Solution File, Format Version 12.00
# Visual Studio 15
VisualStudioVersion = 15.0.28307.271
MinimumVisualStudioVersion = 10.0.40219.1
Project("{FAE04EC0-301F-11D3-BF4B-00C04F79EFBC}") = "Assignment02", "Assignment02\Assignment02.csproj", "{1E00262D-C96D-4DAF-BC1C-5920EB9B8F0F}"
EndProject
Project("{FAE04EC0-301F-11D3-BF4B-00C04F79EFBC}") = "TriangleTestCases", "TriangleTestCases\TriangleTestCases.csproj", "{AC3E4E8D-5C2A-4600-B47F-3EC250AEF143}"
EndProject
Global
	GlobalSection(SolutionConfigurationPlatforms) = preSolution
		Debug|Any CPU = Debug|Any CPU
		Release|Any CPU = Release|Any CPU
	EndGlobalSection
	GlobalSection(ProjectConfigurationPlatforms) = postSolution
		{1E00262D-C96D-4DAF-BC1C-5920EB9B8F0F}.Debug|Any CPU.ActiveCfg = Debug|Any CPU
		{1E00262D-C96D-4DAF-BC1C-5920EB9B8F0F}.Debug|Any CPU.Build.0 = Debug|Any CPU
		{1E00262D-C96D-4DAF-BC1C-5920EB9B8F0F}.Release|Any CPU.ActiveCfg = Release|Any CPU
		{1E00262D-C96D-4DAF-BC1C-5920EB9B8F0F}.Release|Any CPU.Build.0 = Release|Any CPU
		{AC3E4E8D-5C2A-4600-B47F-3EC250AEF143}.Debug|Any CPU.ActiveCfg = Debug|Any CPU
		{AC3E4E8D-5C2A-4600-B47F-3EC250AEF143}.Debug|Any CPU.Build.0 = Debug|Any CPU
		{AC3E4E8D-5C2A-4600-B47F-3EC250AEF143}.Release|Any CPU.ActiveCfg = Release|Any CPU
		{AC3E4E8D-5C2A-4600-B47F-3EC250AEF143}.Release|Any CPU.Build.0 = Release|Any CPU
	EndGlobalSection
	GlobalSection(SolutionProperties) = preSolution
		HideSolutionNode = FALSE
	EndGlobalSection
	GlobalSection(ExtensibilityGlobals) = postSolution
		SolutionGuid = {5D86893A-E1A8-4284-9CBE-32DA596378C9}
	EndGlobalSection
EndGlobal
